
Microsoft Visual Studio Solution File, Format Version 12.00
# Visual Studio Version 16
VisualStudioVersion = 16.0.33214.272
MinimumVisualStudioVersion = 10.0.40219.1
Project("{FAE04EC0-301F-11D3-BF4B-00C04F79EFBC}") = "Task_1", "Task_1\Task_1.csproj", "{53082F82-2DA2-4745-8945-08EC0FF35E40}"
EndProject
Project("{FAE04EC0-301F-11D3-BF4B-00C04F79EFBC}") = "Task_5.1.5", "Task_5.1.5\Task_5.1.5.csproj", "{6F882CAD-609D-4D08-BCFB-2C1C001CC354}"
EndProject
Project("{FAE04EC0-301F-11D3-BF4B-00C04F79EFBC}") = "Task_5.1.6", "Task_5.1.6\Task_5.1.6.csproj", "{6B22D33E-1CDB-444D-AF53-9F8DD6A272B9}"
EndProject
Global
	GlobalSection(SolutionConfigurationPlatforms) = preSolution
		Debug|Any CPU = Debug|Any CPU
		Release|Any CPU = Release|Any CPU
	EndGlobalSection
	GlobalSection(ProjectConfigurationPlatforms) = postSolution
		{53082F82-2DA2-4745-8945-08EC0FF35E40}.Debug|Any CPU.ActiveCfg = Debug|Any CPU
		{53082F82-2DA2-4745-8945-08EC0FF35E40}.Debug|Any CPU.Build.0 = Debug|Any CPU
		{53082F82-2DA2-4745-8945-08EC0FF35E40}.Release|Any CPU.ActiveCfg = Release|Any CPU
		{53082F82-2DA2-4745-8945-08EC0FF35E40}.Release|Any CPU.Build.0 = Release|Any CPU
		{6F882CAD-609D-4D08-BCFB-2C1C001CC354}.Debug|Any CPU.ActiveCfg = Debug|Any CPU
		{6F882CAD-609D-4D08-BCFB-2C1C001CC354}.Debug|Any CPU.Build.0 = Debug|Any CPU
		{6F882CAD-609D-4D08-BCFB-2C1C001CC354}.Release|Any CPU.ActiveCfg = Release|Any CPU
		{6F882CAD-609D-4D08-BCFB-2C1C001CC354}.Release|Any CPU.Build.0 = Release|Any CPU
		{6B22D33E-1CDB-444D-AF53-9F8DD6A272B9}.Debug|Any CPU.ActiveCfg = Debug|Any CPU
		{6B22D33E-1CDB-444D-AF53-9F8DD6A272B9}.Debug|Any CPU.Build.0 = Debug|Any CPU
		{6B22D33E-1CDB-444D-AF53-9F8DD6A272B9}.Release|Any CPU.ActiveCfg = Release|Any CPU
		{6B22D33E-1CDB-444D-AF53-9F8DD6A272B9}.Release|Any CPU.Build.0 = Release|Any CPU
	EndGlobalSection
	GlobalSection(SolutionProperties) = preSolution
		HideSolutionNode = FALSE
	EndGlobalSection
	GlobalSection(ExtensibilityGlobals) = postSolution
		SolutionGuid = {7977E610-433E-40A8-B67D-C39BA078E183}
	EndGlobalSection
EndGlobal
